// !$*UTF8*$!
{
	archiveVersion = 1;
	classes = {
	};
	objectVersion = 50;
	objects = {

/* Begin PBXBuildFile section */
		044425EB22D3291100090CD1 /* AppDelegate.swift in Sources */ = {isa = PBXBuildFile; fileRef = 044425EA22D3291100090CD1 /* AppDelegate.swift */; };
		044425ED22D3291100090CD1 /* ViewController.swift in Sources */ = {isa = PBXBuildFile; fileRef = 044425EC22D3291100090CD1 /* ViewController.swift */; };
		044425F022D3291100090CD1 /* Main.storyboard in Resources */ = {isa = PBXBuildFile; fileRef = 044425EE22D3291100090CD1 /* Main.storyboard */; };
		044425F222D3291500090CD1 /* Assets.xcassets in Resources */ = {isa = PBXBuildFile; fileRef = 044425F122D3291500090CD1 /* Assets.xcassets */; };
		044425F522D3291500090CD1 /* LaunchScreen.storyboard in Resources */ = {isa = PBXBuildFile; fileRef = 044425F322D3291500090CD1 /* LaunchScreen.storyboard */; };
		0444260022D3291500090CD1 /* httpMethod_class_exeTests.swift in Sources */ = {isa = PBXBuildFile; fileRef = 044425FF22D3291500090CD1 /* httpMethod_class_exeTests.swift */; };
		0444260B22D3291500090CD1 /* httpMethod_class_exeUITests.swift in Sources */ = {isa = PBXBuildFile; fileRef = 0444260A22D3291500090CD1 /* httpMethod_class_exeUITests.swift */; };
		0444261922D3293B00090CD1 /* Main_httpMethod.swift in Sources */ = {isa = PBXBuildFile; fileRef = 0444261822D3293B00090CD1 /* Main_httpMethod.swift */; };
		0444261F22D32C6200090CD1 /* TableViewController.swift in Sources */ = {isa = PBXBuildFile; fileRef = 0444261E22D32C6200090CD1 /* TableViewController.swift */; };
		0444262122D46A5300090CD1 /* detailViewController.swift in Sources */ = {isa = PBXBuildFile; fileRef = 0444262022D46A5300090CD1 /* detailViewController.swift */; };
		08D9B5D3C31C075FA6CE7196 /* Pods_httpMethod_class_exe.framework in Frameworks */ = {isa = PBXBuildFile; fileRef = D61A34B85C08DB9E9B42EAF2 /* Pods_httpMethod_class_exe.framework */; };
		6376A631B7DC4237E79DE04D /* Pods_httpMethod_class_exeUITests.framework in Frameworks */ = {isa = PBXBuildFile; fileRef = 63B95EC7FDE7B6F0BA8D6907 /* Pods_httpMethod_class_exeUITests.framework */; };
		79FF3CEEE6C392A4D8B52D32 /* Pods_httpMethod_class_exeTests.framework in Frameworks */ = {isa = PBXBuildFile; fileRef = 33959E56638DEF4C26224769 /* Pods_httpMethod_class_exeTests.framework */; };
/* End PBXBuildFile section */

/* Begin PBXContainerItemProxy section */
		044425FC22D3291500090CD1 /* PBXContainerItemProxy */ = {
			isa = PBXContainerItemProxy;
			containerPortal = 044425DF22D3291000090CD1 /* Project object */;
			proxyType = 1;
			remoteGlobalIDString = 044425E622D3291100090CD1;
			remoteInfo = httpMethod_class_exe;
		};
		0444260722D3291500090CD1 /* PBXContainerItemProxy */ = {
			isa = PBXContainerItemProxy;
			containerPortal = 044425DF22D3291000090CD1 /* Project object */;
			proxyType = 1;
			remoteGlobalIDString = 044425E622D3291100090CD1;
			remoteInfo = httpMethod_class_exe;
		};
/* End PBXContainerItemProxy section */

/* Begin PBXFileReference section */
		044425E722D3291100090CD1 /* httpMethod_class_exe.app */ = {isa = PBXFileReference; explicitFileType = wrapper.application; includeInIndex = 0; path = httpMethod_class_exe.app; sourceTree = BUILT_PRODUCTS_DIR; };
		044425EA22D3291100090CD1 /* AppDelegate.swift */ = {isa = PBXFileReference; lastKnownFileType = sourcecode.swift; path = AppDelegate.swift; sourceTree = "<group>"; };
		044425EC22D3291100090CD1 /* ViewController.swift */ = {isa = PBXFileReference; lastKnownFileType = sourcecode.swift; path = ViewController.swift; sourceTree = "<group>"; };
		044425EF22D3291100090CD1 /* Base */ = {isa = PBXFileReference; lastKnownFileType = file.storyboard; name = Base; path = Base.lproj/Main.storyboard; sourceTree = "<group>"; };
		044425F122D3291500090CD1 /* Assets.xcassets */ = {isa = PBXFileReference; lastKnownFileType = folder.assetcatalog; path = Assets.xcassets; sourceTree = "<group>"; };
		044425F422D3291500090CD1 /* Base */ = {isa = PBXFileReference; lastKnownFileType = file.storyboard; name = Base; path = Base.lproj/LaunchScreen.storyboard; sourceTree = "<group>"; };
		044425F622D3291500090CD1 /* Info.plist */ = {isa = PBXFileReference; lastKnownFileType = text.plist.xml; path = Info.plist; sourceTree = "<group>"; };
		044425FB22D3291500090CD1 /* httpMethod_class_exeTests.xctest */ = {isa = PBXFileReference; explicitFileType = wrapper.cfbundle; includeInIndex = 0; path = httpMethod_class_exeTests.xctest; sourceTree = BUILT_PRODUCTS_DIR; };
		044425FF22D3291500090CD1 /* httpMethod_class_exeTests.swift */ = {isa = PBXFileReference; lastKnownFileType = sourcecode.swift; path = httpMethod_class_exeTests.swift; sourceTree = "<group>"; };
		0444260122D3291500090CD1 /* Info.plist */ = {isa = PBXFileReference; lastKnownFileType = text.plist.xml; path = Info.plist; sourceTree = "<group>"; };
		0444260622D3291500090CD1 /* httpMethod_class_exeUITests.xctest */ = {isa = PBXFileReference; explicitFileType = wrapper.cfbundle; includeInIndex = 0; path = httpMethod_class_exeUITests.xctest; sourceTree = BUILT_PRODUCTS_DIR; };
		0444260A22D3291500090CD1 /* httpMethod_class_exeUITests.swift */ = {isa = PBXFileReference; lastKnownFileType = sourcecode.swift; path = httpMethod_class_exeUITests.swift; sourceTree = "<group>"; };
		0444260C22D3291500090CD1 /* Info.plist */ = {isa = PBXFileReference; lastKnownFileType = text.plist.xml; path = Info.plist; sourceTree = "<group>"; };
		0444261822D3293B00090CD1 /* Main_httpMethod.swift */ = {isa = PBXFileReference; lastKnownFileType = sourcecode.swift; path = Main_httpMethod.swift; sourceTree = "<group>"; };
		0444261E22D32C6200090CD1 /* TableViewController.swift */ = {isa = PBXFileReference; lastKnownFileType = sourcecode.swift; path = TableViewController.swift; sourceTree = "<group>"; };
		0444262022D46A5300090CD1 /* detailViewController.swift */ = {isa = PBXFileReference; lastKnownFileType = sourcecode.swift; path = detailViewController.swift; sourceTree = "<group>"; };
		0D735AA8D4E51162967D5CAA /* Pods-httpMethod_class_exe.debug.xcconfig */ = {isa = PBXFileReference; includeInIndex = 1; lastKnownFileType = text.xcconfig; name = "Pods-httpMethod_class_exe.debug.xcconfig"; path = "Target Support Files/Pods-httpMethod_class_exe/Pods-httpMethod_class_exe.debug.xcconfig"; sourceTree = "<group>"; };
		33959E56638DEF4C26224769 /* Pods_httpMethod_class_exeTests.framework */ = {isa = PBXFileReference; explicitFileType = wrapper.framework; includeInIndex = 0; path = Pods_httpMethod_class_exeTests.framework; sourceTree = BUILT_PRODUCTS_DIR; };
		63B95EC7FDE7B6F0BA8D6907 /* Pods_httpMethod_class_exeUITests.framework */ = {isa = PBXFileReference; explicitFileType = wrapper.framework; includeInIndex = 0; path = Pods_httpMethod_class_exeUITests.framework; sourceTree = BUILT_PRODUCTS_DIR; };
		788BD9BE751855411C87CD88 /* Pods-httpMethod_class_exe.release.xcconfig */ = {isa = PBXFileReference; includeInIndex = 1; lastKnownFileType = text.xcconfig; name = "Pods-httpMethod_class_exe.release.xcconfig"; path = "Target Support Files/Pods-httpMethod_class_exe/Pods-httpMethod_class_exe.release.xcconfig"; sourceTree = "<group>"; };
		9C032C667AA32CA2A51C9F9D /* Pods-httpMethod_class_exeTests.debug.xcconfig */ = {isa = PBXFileReference; includeInIndex = 1; lastKnownFileType = text.xcconfig; name = "Pods-httpMethod_class_exeTests.debug.xcconfig"; path = "Target Support Files/Pods-httpMethod_class_exeTests/Pods-httpMethod_class_exeTests.debug.xcconfig"; sourceTree = "<group>"; };
		B63FB32CABA273B3CD0C2A85 /* Pods-httpMethod_class_exeTests.release.xcconfig */ = {isa = PBXFileReference; includeInIndex = 1; lastKnownFileType = text.xcconfig; name = "Pods-httpMethod_class_exeTests.release.xcconfig"; path = "Target Support Files/Pods-httpMethod_class_exeTests/Pods-httpMethod_class_exeTests.release.xcconfig"; sourceTree = "<group>"; };
		D61A34B85C08DB9E9B42EAF2 /* Pods_httpMethod_class_exe.framework */ = {isa = PBXFileReference; explicitFileType = wrapper.framework; includeInIndex = 0; path = Pods_httpMethod_class_exe.framework; sourceTree = BUILT_PRODUCTS_DIR; };
		D927BDB9C53D915165F54C39 /* Pods-httpMethod_class_exeUITests.release.xcconfig */ = {isa = PBXFileReference; includeInIndex = 1; lastKnownFileType = text.xcconfig; name = "Pods-httpMethod_class_exeUITests.release.xcconfig"; path = "Target Support Files/Pods-httpMethod_class_exeUITests/Pods-httpMethod_class_exeUITests.release.xcconfig"; sourceTree = "<group>"; };
		E601095C641BA2DED0422C00 /* Pods-httpMethod_class_exeUITests.debug.xcconfig */ = {isa = PBXFileReference; includeInIndex = 1; lastKnownFileType = text.xcconfig; name = "Pods-httpMethod_class_exeUITests.debug.xcconfig"; path = "Target Support Files/Pods-httpMethod_class_exeUITests/Pods-httpMethod_class_exeUITests.debug.xcconfig"; sourceTree = "<group>"; };
/* End PBXFileReference section */

/* Begin PBXFrameworksBuildPhase section */
		044425E422D3291100090CD1 /* Frameworks */ = {
			isa = PBXFrameworksBuildPhase;
			buildActionMask = 2147483647;
			files = (
				08D9B5D3C31C075FA6CE7196 /* Pods_httpMethod_class_exe.framework in Frameworks */,
			);
			runOnlyForDeploymentPostprocessing = 0;
		};
		044425F822D3291500090CD1 /* Frameworks */ = {
			isa = PBXFrameworksBuildPhase;
			buildActionMask = 2147483647;
			files = (
				79FF3CEEE6C392A4D8B52D32 /* Pods_httpMethod_class_exeTests.framework in Frameworks */,
			);
			runOnlyForDeploymentPostprocessing = 0;
		};
		0444260322D3291500090CD1 /* Frameworks */ = {
			isa = PBXFrameworksBuildPhase;
			buildActionMask = 2147483647;
			files = (
				6376A631B7DC4237E79DE04D /* Pods_httpMethod_class_exeUITests.framework in Frameworks */,
			);
			runOnlyForDeploymentPostprocessing = 0;
		};
/* End PBXFrameworksBuildPhase section */

/* Begin PBXGroup section */
		044425DE22D3291000090CD1 = {
			isa = PBXGroup;
			children = (
				044425E922D3291100090CD1 /* httpMethod_class_exe */,
				044425FE22D3291500090CD1 /* httpMethod_class_exeTests */,
				0444260922D3291500090CD1 /* httpMethod_class_exeUITests */,
				044425E822D3291100090CD1 /* Products */,
				53D9F1A2827F93E86C1BAD91 /* Pods */,
				5DEF1AC71F3E611214E76E32 /* Frameworks */,
			);
			sourceTree = "<group>";
		};
		044425E822D3291100090CD1 /* Products */ = {
			isa = PBXGroup;
			children = (
				044425E722D3291100090CD1 /* httpMethod_class_exe.app */,
				044425FB22D3291500090CD1 /* httpMethod_class_exeTests.xctest */,
				0444260622D3291500090CD1 /* httpMethod_class_exeUITests.xctest */,
			);
			name = Products;
			sourceTree = "<group>";
		};
		044425E922D3291100090CD1 /* httpMethod_class_exe */ = {
			isa = PBXGroup;
			children = (
				044425EA22D3291100090CD1 /* AppDelegate.swift */,
				044425EC22D3291100090CD1 /* ViewController.swift */,
				044425EE22D3291100090CD1 /* Main.storyboard */,
				044425F122D3291500090CD1 /* Assets.xcassets */,
				044425F322D3291500090CD1 /* LaunchScreen.storyboard */,
				044425F622D3291500090CD1 /* Info.plist */,
				0444261822D3293B00090CD1 /* Main_httpMethod.swift */,
				0444261E22D32C6200090CD1 /* TableViewController.swift */,
				0444262022D46A5300090CD1 /* detailViewController.swift */,
			);
			path = httpMethod_class_exe;
			sourceTree = "<group>";
		};
		044425FE22D3291500090CD1 /* httpMethod_class_exeTests */ = {
			isa = PBXGroup;
			children = (
				044425FF22D3291500090CD1 /* httpMethod_class_exeTests.swift */,
				0444260122D3291500090CD1 /* Info.plist */,
			);
			path = httpMethod_class_exeTests;
			sourceTree = "<group>";
		};
		0444260922D3291500090CD1 /* httpMethod_class_exeUITests */ = {
			isa = PBXGroup;
			children = (
				0444260A22D3291500090CD1 /* httpMethod_class_exeUITests.swift */,
				0444260C22D3291500090CD1 /* Info.plist */,
			);
			path = httpMethod_class_exeUITests;
			sourceTree = "<group>";
		};
		53D9F1A2827F93E86C1BAD91 /* Pods */ = {
			isa = PBXGroup;
			children = (
				0D735AA8D4E51162967D5CAA /* Pods-httpMethod_class_exe.debug.xcconfig */,
				788BD9BE751855411C87CD88 /* Pods-httpMethod_class_exe.release.xcconfig */,
				9C032C667AA32CA2A51C9F9D /* Pods-httpMethod_class_exeTests.debug.xcconfig */,
				B63FB32CABA273B3CD0C2A85 /* Pods-httpMethod_class_exeTests.release.xcconfig */,
				E601095C641BA2DED0422C00 /* Pods-httpMethod_class_exeUITests.debug.xcconfig */,
				D927BDB9C53D915165F54C39 /* Pods-httpMethod_class_exeUITests.release.xcconfig */,
			);
			path = Pods;
			sourceTree = "<group>";
		};
		5DEF1AC71F3E611214E76E32 /* Frameworks */ = {
			isa = PBXGroup;
			children = (
				D61A34B85C08DB9E9B42EAF2 /* Pods_httpMethod_class_exe.framework */,
				33959E56638DEF4C26224769 /* Pods_httpMethod_class_exeTests.framework */,
				63B95EC7FDE7B6F0BA8D6907 /* Pods_httpMethod_class_exeUITests.framework */,
			);
			name = Frameworks;
			sourceTree = "<group>";
		};
/* End PBXGroup section */

/* Begin PBXNativeTarget section */
		044425E622D3291100090CD1 /* httpMethod_class_exe */ = {
			isa = PBXNativeTarget;
			buildConfigurationList = 0444260F22D3291500090CD1 /* Build configuration list for PBXNativeTarget "httpMethod_class_exe" */;
			buildPhases = (
				C819EEB58DE980A456F12676 /* [CP] Check Pods Manifest.lock */,
				044425E322D3291100090CD1 /* Sources */,
				044425E422D3291100090CD1 /* Frameworks */,
				044425E522D3291100090CD1 /* Resources */,
				61008D0ACF2C7D50DA9C9CF1 /* [CP] Embed Pods Frameworks */,
			);
			buildRules = (
			);
			dependencies = (
			);
			name = httpMethod_class_exe;
			productName = httpMethod_class_exe;
			productReference = 044425E722D3291100090CD1 /* httpMethod_class_exe.app */;
			productType = "com.apple.product-type.application";
		};
		044425FA22D3291500090CD1 /* httpMethod_class_exeTests */ = {
			isa = PBXNativeTarget;
			buildConfigurationList = 0444261222D3291500090CD1 /* Build configuration list for PBXNativeTarget "httpMethod_class_exeTests" */;
			buildPhases = (
				412859690D790C0CAD134E8D /* [CP] Check Pods Manifest.lock */,
				044425F722D3291500090CD1 /* Sources */,
				044425F822D3291500090CD1 /* Frameworks */,
				044425F922D3291500090CD1 /* Resources */,
			);
			buildRules = (
			);
			dependencies = (
				044425FD22D3291500090CD1 /* PBXTargetDependency */,
			);
			name = httpMethod_class_exeTests;
			productName = httpMethod_class_exeTests;
			productReference = 044425FB22D3291500090CD1 /* httpMethod_class_exeTests.xctest */;
			productType = "com.apple.product-type.bundle.unit-test";
		};
		0444260522D3291500090CD1 /* httpMethod_class_exeUITests */ = {
			isa = PBXNativeTarget;
			buildConfigurationList = 0444261522D3291500090CD1 /* Build configuration list for PBXNativeTarget "httpMethod_class_exeUITests" */;
			buildPhases = (
				B2A0E711C28A3F4CF50DED03 /* [CP] Check Pods Manifest.lock */,
				0444260222D3291500090CD1 /* Sources */,
				0444260322D3291500090CD1 /* Frameworks */,
				0444260422D3291500090CD1 /* Resources */,
			);
			buildRules = (
			);
			dependencies = (
				0444260822D3291500090CD1 /* PBXTargetDependency */,
			);
			name = httpMethod_class_exeUITests;
			productName = httpMethod_class_exeUITests;
			productReference = 0444260622D3291500090CD1 /* httpMethod_class_exeUITests.xctest */;
			productType = "com.apple.product-type.bundle.ui-testing";
		};
/* End PBXNativeTarget section */

/* Begin PBXProject section */
		044425DF22D3291000090CD1 /* Project object */ = {
			isa = PBXProject;
			attributes = {
				LastSwiftUpdateCheck = 1010;
				LastUpgradeCheck = 1010;
				ORGANIZATIONNAME = MEMS;
				TargetAttributes = {
					044425E622D3291100090CD1 = {
						CreatedOnToolsVersion = 10.1;
					};
					044425FA22D3291500090CD1 = {
						CreatedOnToolsVersion = 10.1;
						TestTargetID = 044425E622D3291100090CD1;
					};
					0444260522D3291500090CD1 = {
						CreatedOnToolsVersion = 10.1;
						TestTargetID = 044425E622D3291100090CD1;
					};
				};
			};
			buildConfigurationList = 044425E222D3291000090CD1 /* Build configuration list for PBXProject "httpMethod_class_exe" */;
			compatibilityVersion = "Xcode 9.3";
			developmentRegion = en;
			hasScannedForEncodings = 0;
			knownRegions = (
				en,
				Base,
			);
			mainGroup = 044425DE22D3291000090CD1;
			productRefGroup = 044425E822D3291100090CD1 /* Products */;
			projectDirPath = "";
			projectRoot = "";
			targets = (
				044425E622D3291100090CD1 /* httpMethod_class_exe */,
				044425FA22D3291500090CD1 /* httpMethod_class_exeTests */,
				0444260522D3291500090CD1 /* httpMethod_class_exeUITests */,
			);
		};
/* End PBXProject section */

/* Begin PBXResourcesBuildPhase section */
		044425E522D3291100090CD1 /* Resources */ = {
			isa = PBXResourcesBuildPhase;
			buildActionMask = 2147483647;
			files = (
				044425F522D3291500090CD1 /* LaunchScreen.storyboard in Resources */,
				044425F222D3291500090CD1 /* Assets.xcassets in Resources */,
				044425F022D3291100090CD1 /* Main.storyboard in Resources */,
			);
			runOnlyForDeploymentPostprocessing = 0;
		};
		044425F922D3291500090CD1 /* Resources */ = {
			isa = PBXResourcesBuildPhase;
			buildActionMask = 2147483647;
			files = (
			);
			runOnlyForDeploymentPostprocessing = 0;
		};
		0444260422D3291500090CD1 /* Resources */ = {
			isa = PBXResourcesBuildPhase;
			buildActionMask = 2147483647;
			files = (
			);
			runOnlyForDeploymentPostprocessing = 0;
		};
/* End PBXResourcesBuildPhase section */

/* Begin PBXShellScriptBuildPhase section */
		412859690D790C0CAD134E8D /* [CP] Check Pods Manifest.lock */ = {
			isa = PBXShellScriptBuildPhase;
			buildActionMask = 2147483647;
			files = (
			);
			inputFileListPaths = (
			);
			inputPaths = (
				"${PODS_PODFILE_DIR_PATH}/Podfile.lock",
				"${PODS_ROOT}/Manifest.lock",
			);
			name = "[CP] Check Pods Manifest.lock";
			outputFileListPaths = (
			);
			outputPaths = (
				"$(DERIVED_FILE_DIR)/Pods-httpMethod_class_exeTests-checkManifestLockResult.txt",
			);
			runOnlyForDeploymentPostprocessing = 0;
			shellPath = /bin/sh;
			shellScript = "diff \"${PODS_PODFILE_DIR_PATH}/Podfile.lock\" \"${PODS_ROOT}/Manifest.lock\" > /dev/null\nif [ $? != 0 ] ; then\n    # print error to STDERR\n    echo \"error: The sandbox is not in sync with the Podfile.lock. Run 'pod install' or update your CocoaPods installation.\" >&2\n    exit 1\nfi\n# This output is used by Xcode 'outputs' to avoid re-running this script phase.\necho \"SUCCESS\" > \"${SCRIPT_OUTPUT_FILE_0}\"\n";
			showEnvVarsInLog = 0;
		};
		61008D0ACF2C7D50DA9C9CF1 /* [CP] Embed Pods Frameworks */ = {
			isa = PBXShellScriptBuildPhase;
			buildActionMask = 2147483647;
			files = (
			);
			inputFileListPaths = (
			);
			inputPaths = (
				"${PODS_ROOT}/Target Support Files/Pods-httpMethod_class_exe/Pods-httpMethod_class_exe-frameworks.sh",
				"${BUILT_PRODUCTS_DIR}/Alamofire/Alamofire.framework",
			);
			name = "[CP] Embed Pods Frameworks";
			outputFileListPaths = (
			);
			outputPaths = (
				"${TARGET_BUILD_DIR}/${FRAMEWORKS_FOLDER_PATH}/Alamofire.framework",
			);
			runOnlyForDeploymentPostprocessing = 0;
			shellPath = /bin/sh;
			shellScript = "\"${PODS_ROOT}/Target Support Files/Pods-httpMethod_class_exe/Pods-httpMethod_class_exe-frameworks.sh\"\n";
			showEnvVarsInLog = 0;
		};
		B2A0E711C28A3F4CF50DED03 /* [CP] Check Pods Manifest.lock */ = {
			isa = PBXShellScriptBuildPhase;
			buildActionMask = 2147483647;
			files = (
			);
			inputFileListPaths = (
			);
			inputPaths = (
				"${PODS_PODFILE_DIR_PATH}/Podfile.lock",
				"${PODS_ROOT}/Manifest.lock",
			);
			name = "[CP] Check Pods Manifest.lock";
			outputFileListPaths = (
			);
			outputPaths = (
				"$(DERIVED_FILE_DIR)/Pods-httpMethod_class_exeUITests-checkManifestLockResult.txt",
			);
			runOnlyForDeploymentPostprocessing = 0;
			shellPath = /bin/sh;
			shellScript = "diff \"${PODS_PODFILE_DIR_PATH}/Podfile.lock\" \"${PODS_ROOT}/Manifest.lock\" > /dev/null\nif [ $? != 0 ] ; then\n    # print error to STDERR\n    echo \"error: The sandbox is not in sync with the Podfile.lock. Run 'pod install' or update your CocoaPods installation.\" >&2\n    exit 1\nfi\n# This output is used by Xcode 'outputs' to avoid re-running this script phase.\necho \"SUCCESS\" > \"${SCRIPT_OUTPUT_FILE_0}\"\n";
			showEnvVarsInLog = 0;
		};
		C819EEB58DE980A456F12676 /* [CP] Check Pods Manifest.lock */ = {
			isa = PBXShellScriptBuildPhase;
			buildActionMask = 2147483647;
			files = (
			);
			inputFileListPaths = (
			);
			inputPaths = (
				"${PODS_PODFILE_DIR_PATH}/Podfile.lock",
				"${PODS_ROOT}/Manifest.lock",
			);
			name = "[CP] Check Pods Manifest.lock";
			outputFileListPaths = (
			);
			outputPaths = (
				"$(DERIVED_FILE_DIR)/Pods-httpMethod_class_exe-checkManifestLockResult.txt",
			);
			runOnlyForDeploymentPostprocessing = 0;
			shellPath = /bin/sh;
			shellScript = "diff \"${PODS_PODFILE_DIR_PATH}/Podfile.lock\" \"${PODS_ROOT}/Manifest.lock\" > /dev/null\nif [ $? != 0 ] ; then\n    # print error to STDERR\n    echo \"error: The sandbox is not in sync with the Podfile.lock. Run 'pod install' or update your CocoaPods installation.\" >&2\n    exit 1\nfi\n# This output is used by Xcode 'outputs' to avoid re-running this script phase.\necho \"SUCCESS\" > \"${SCRIPT_OUTPUT_FILE_0}\"\n";
			showEnvVarsInLog = 0;
		};
/* End PBXShellScriptBuildPhase section */

/* Begin PBXSourcesBuildPhase section */
		044425E322D3291100090CD1 /* Sources */ = {
			isa = PBXSourcesBuildPhase;
			buildActionMask = 2147483647;
			files = (
				044425ED22D3291100090CD1 /* ViewController.swift in Sources */,
				044425EB22D3291100090CD1 /* AppDelegate.swift in Sources */,
				0444261922D3293B00090CD1 /* Main_httpMethod.swift in Sources */,
				0444262122D46A5300090CD1 /* detailViewController.swift in Sources */,
				0444261F22D32C6200090CD1 /* TableViewController.swift in Sources */,
			);
			runOnlyForDeploymentPostprocessing = 0;
		};
		044425F722D3291500090CD1 /* Sources */ = {
			isa = PBXSourcesBuildPhase;
			buildActionMask = 2147483647;
			files = (
				0444260022D3291500090CD1 /* httpMethod_class_exeTests.swift in Sources */,
			);
			runOnlyForDeploymentPostprocessing = 0;
		};
		0444260222D3291500090CD1 /* Sources */ = {
			isa = PBXSourcesBuildPhase;
			buildActionMask = 2147483647;
			files = (
				0444260B22D3291500090CD1 /* httpMethod_class_exeUITests.swift in Sources */,
			);
			runOnlyForDeploymentPostprocessing = 0;
		};
/* End PBXSourcesBuildPhase section */

/* Begin PBXTargetDependency section */
		044425FD22D3291500090CD1 /* PBXTargetDependency */ = {
			isa = PBXTargetDependency;
			target = 044425E622D3291100090CD1 /* httpMethod_class_exe */;
			targetProxy = 044425FC22D3291500090CD1 /* PBXContainerItemProxy */;
		};
		0444260822D3291500090CD1 /* PBXTargetDependency */ = {
			isa = PBXTargetDependency;
			target = 044425E622D3291100090CD1 /* httpMethod_class_exe */;
			targetProxy = 0444260722D3291500090CD1 /* PBXContainerItemProxy */;
		};
/* End PBXTargetDependency section */

/* Begin PBXVariantGroup section */
		044425EE22D3291100090CD1 /* Main.storyboard */ = {
			isa = PBXVariantGroup;
			children = (
				044425EF22D3291100090CD1 /* Base */,
			);
			name = Main.storyboard;
			sourceTree = "<group>";
		};
		044425F322D3291500090CD1 /* LaunchScreen.storyboard */ = {
			isa = PBXVariantGroup;
			children = (
				044425F422D3291500090CD1 /* Base */,
			);
			name = LaunchScreen.storyboard;
			sourceTree = "<group>";
		};
/* End PBXVariantGroup section */

/* Begin XCBuildConfiguration section */
		0444260D22D3291500090CD1 /* Debug */ = {
			isa = XCBuildConfiguration;
			buildSettings = {
				ALWAYS_SEARCH_USER_PATHS = NO;
				CLANG_ANALYZER_NONNULL = YES;
				CLANG_ANALYZER_NUMBER_OBJECT_CONVERSION = YES_AGGRESSIVE;
				CLANG_CXX_LANGUAGE_STANDARD = "gnu++14";
				CLANG_CXX_LIBRARY = "libc++";
				CLANG_ENABLE_MODULES = YES;
				CLANG_ENABLE_OBJC_ARC = YES;
				CLANG_ENABLE_OBJC_WEAK = YES;
				CLANG_WARN_BLOCK_CAPTURE_AUTORELEASING = YES;
				CLANG_WARN_BOOL_CONVERSION = YES;
				CLANG_WARN_COMMA = YES;
				CLANG_WARN_CONSTANT_CONVERSION = YES;
				CLANG_WARN_DEPRECATED_OBJC_IMPLEMENTATIONS = YES;
				CLANG_WARN_DIRECT_OBJC_ISA_USAGE = YES_ERROR;
				CLANG_WARN_DOCUMENTATION_COMMENTS = YES;
				CLANG_WARN_EMPTY_BODY = YES;
				CLANG_WARN_ENUM_CONVERSION = YES;
				CLANG_WARN_INFINITE_RECURSION = YES;
				CLANG_WARN_INT_CONVERSION = YES;
				CLANG_WARN_NON_LITERAL_NULL_CONVERSION = YES;
				CLANG_WARN_OBJC_IMPLICIT_RETAIN_SELF = YES;
				CLANG_WARN_OBJC_LITERAL_CONVERSION = YES;
				CLANG_WARN_OBJC_ROOT_CLASS = YES_ERROR;
				CLANG_WARN_RANGE_LOOP_ANALYSIS = YES;
				CLANG_WARN_STRICT_PROTOTYPES = YES;
				CLANG_WARN_SUSPICIOUS_MOVE = YES;
				CLANG_WARN_UNGUARDED_AVAILABILITY = YES_AGGRESSIVE;
				CLANG_WARN_UNREACHABLE_CODE = YES;
				CLANG_WARN__DUPLICATE_METHOD_MATCH = YES;
				CODE_SIGN_IDENTITY = "iPhone Developer";
				COPY_PHASE_STRIP = NO;
				DEBUG_INFORMATION_FORMAT = dwarf;
				ENABLE_STRICT_OBJC_MSGSEND = YES;
				ENABLE_TESTABILITY = YES;
				GCC_C_LANGUAGE_STANDARD = gnu11;
				GCC_DYNAMIC_NO_PIC = NO;
				GCC_NO_COMMON_BLOCKS = YES;
				GCC_OPTIMIZATION_LEVEL = 0;
				GCC_PREPROCESSOR_DEFINITIONS = (
					"DEBUG=1",
					"$(inherited)",
				);
				GCC_WARN_64_TO_32_BIT_CONVERSION = YES;
				GCC_WARN_ABOUT_RETURN_TYPE = YES_ERROR;
				GCC_WARN_UNDECLARED_SELECTOR = YES;
				GCC_WARN_UNINITIALIZED_AUTOS = YES_AGGRESSIVE;
				GCC_WARN_UNUSED_FUNCTION = YES;
				GCC_WARN_UNUSED_VARIABLE = YES;
				IPHONEOS_DEPLOYMENT_TARGET = 12.1;
				MTL_ENABLE_DEBUG_INFO = INCLUDE_SOURCE;
				MTL_FAST_MATH = YES;
				ONLY_ACTIVE_ARCH = YES;
				SDKROOT = iphoneos;
				SWIFT_ACTIVE_COMPILATION_CONDITIONS = DEBUG;
				SWIFT_OPTIMIZATION_LEVEL = "-Onone";
			};
			name = Debug;
		};
		0444260E22D3291500090CD1 /* Release */ = {
			isa = XCBuildConfiguration;
			buildSettings = {
				ALWAYS_SEARCH_USER_PATHS = NO;
				CLANG_ANALYZER_NONNULL = YES;
				CLANG_ANALYZER_NUMBER_OBJECT_CONVERSION = YES_AGGRESSIVE;
				CLANG_CXX_LANGUAGE_STANDARD = "gnu++14";
				CLANG_CXX_LIBRARY = "libc++";
				CLANG_ENABLE_MODULES = YES;
				CLANG_ENABLE_OBJC_ARC = YES;
				CLANG_ENABLE_OBJC_WEAK = YES;
				CLANG_WARN_BLOCK_CAPTURE_AUTORELEASING = YES;
				CLANG_WARN_BOOL_CONVERSION = YES;
				CLANG_WARN_COMMA = YES;
				CLANG_WARN_CONSTANT_CONVERSION = YES;
				CLANG_WARN_DEPRECATED_OBJC_IMPLEMENTATIONS = YES;
				CLANG_WARN_DIRECT_OBJC_ISA_USAGE = YES_ERROR;
				CLANG_WARN_DOCUMENTATION_COMMENTS = YES;
				CLANG_WARN_EMPTY_BODY = YES;
				CLANG_WARN_ENUM_CONVERSION = YES;
				CLANG_WARN_INFINITE_RECURSION = YES;
				CLANG_WARN_INT_CONVERSION = YES;
				CLANG_WARN_NON_LITERAL_NULL_CONVERSION = YES;
				CLANG_WARN_OBJC_IMPLICIT_RETAIN_SELF = YES;
				CLANG_WARN_OBJC_LITERAL_CONVERSION = YES;
				CLANG_WARN_OBJC_ROOT_CLASS = YES_ERROR;
				CLANG_WARN_RANGE_LOOP_ANALYSIS = YES;
				CLANG_WARN_STRICT_PROTOTYPES = YES;
				CLANG_WARN_SUSPICIOUS_MOVE = YES;
				CLANG_WARN_UNGUARDED_AVAILABILITY = YES_AGGRESSIVE;
				CLANG_WARN_UNREACHABLE_CODE = YES;
				CLANG_WARN__DUPLICATE_METHOD_MATCH = YES;
				CODE_SIGN_IDENTITY = "iPhone Developer";
				COPY_PHASE_STRIP = NO;
				DEBUG_INFORMATION_FORMAT = "dwarf-with-dsym";
				ENABLE_NS_ASSERTIONS = NO;
				ENABLE_STRICT_OBJC_MSGSEND = YES;
				GCC_C_LANGUAGE_STANDARD = gnu11;
				GCC_NO_COMMON_BLOCKS = YES;
				GCC_WARN_64_TO_32_BIT_CONVERSION = YES;
				GCC_WARN_ABOUT_RETURN_TYPE = YES_ERROR;
				GCC_WARN_UNDECLARED_SELECTOR = YES;
				GCC_WARN_UNINITIALIZED_AUTOS = YES_AGGRESSIVE;
				GCC_WARN_UNUSED_FUNCTION = YES;
				GCC_WARN_UNUSED_VARIABLE = YES;
				IPHONEOS_DEPLOYMENT_TARGET = 12.1;
				MTL_ENABLE_DEBUG_INFO = NO;
				MTL_FAST_MATH = YES;
				SDKROOT = iphoneos;
				SWIFT_COMPILATION_MODE = wholemodule;
				SWIFT_OPTIMIZATION_LEVEL = "-O";
				VALIDATE_PRODUCT = YES;
			};
			name = Release;
		};
		0444261022D3291500090CD1 /* Debug */ = {
			isa = XCBuildConfiguration;
			baseConfigurationReference = 0D735AA8D4E51162967D5CAA /* Pods-httpMethod_class_exe.debug.xcconfig */;
			buildSettings = {
				ASSETCATALOG_COMPILER_APPICON_NAME = AppIcon;
				CODE_SIGN_STYLE = Automatic;
				DEVELOPMENT_TEAM = PT346GWSXB;
				INFOPLIST_FILE = httpMethod_class_exe/Info.plist;
				LD_RUNPATH_SEARCH_PATHS = (
					"$(inherited)",
					"@executable_path/Frameworks",
				);
				PRODUCT_BUNDLE_IDENTIFIER = "MEMS.httpMethod-class-exe";
				PRODUCT_NAME = "$(TARGET_NAME)";
				SWIFT_VERSION = 4.2;
				TARGETED_DEVICE_FAMILY = "1,2";
			};
			name = Debug;
		};
		0444261122D3291500090CD1 /* Release */ = {
			isa = XCBuildConfiguration;
			baseConfigurationReference = 788BD9BE751855411C87CD88 /* Pods-httpMethod_class_exe.release.xcconfig */;
			buildSettings = {
				ASSETCATALOG_COMPILER_APPICON_NAME = AppIcon;
				CODE_SIGN_STYLE = Automatic;
				DEVELOPMENT_TEAM = PT346GWSXB;
				INFOPLIST_FILE = httpMethod_class_exe/Info.plist;
				LD_RUNPATH_SEARCH_PATHS = (
					"$(inherited)",
					"@executable_path/Frameworks",
				);
				PRODUCT_BUNDLE_IDENTIFIER = "MEMS.httpMethod-class-exe";
				PRODUCT_NAME = "$(TARGET_NAME)";
				SWIFT_VERSION = 4.2;
				TARGETED_DEVICE_FAMILY = "1,2";
			};
			name = Release;
		};
		0444261322D3291500090CD1 /* Debug */ = {
			isa = XCBuildConfiguration;
			baseConfigurationReference = 9C032C667AA32CA2A51C9F9D /* Pods-httpMethod_class_exeTests.debug.xcconfig */;
			buildSettings = {
				ALWAYS_EMBED_SWIFT_STANDARD_LIBRARIES = YES;
				BUNDLE_LOADER = "$(TEST_HOST)";
				CODE_SIGN_STYLE = Automatic;
				DEVELOPMENT_TEAM = PT346GWSXB;
				INFOPLIST_FILE = httpMethod_class_exeTests/Info.plist;
				LD_RUNPATH_SEARCH_PATHS = (
					"$(inherited)",
					"@executable_path/Frameworks",
					"@loader_path/Frameworks",
				);
				PRODUCT_BUNDLE_IDENTIFIER = "MEMS.httpMethod-class-exeTests";
				PRODUCT_NAME = "$(TARGET_NAME)";
				SWIFT_VERSION = 4.2;
				TARGETED_DEVICE_FAMILY = "1,2";
				TEST_HOST = "$(BUILT_PRODUCTS_DIR)/httpMethod_class_exe.app/httpMethod_class_exe";
			};
			name = Debug;
		};
		0444261422D3291500090CD1 /* Release */ = {
			isa = XCBuildConfiguration;
			baseConfigurationReference = B63FB32CABA273B3CD0C2A85 /* Pods-httpMethod_class_exeTests.release.xcconfig */;
			buildSettings = {
				ALWAYS_EMBED_SWIFT_STANDARD_LIBRARIES = YES;
				BUNDLE_LOADER = "$(TEST_HOST)";
				CODE_SIGN_STYLE = Automatic;
				DEVELOPMENT_TEAM = PT346GWSXB;
				INFOPLIST_FILE = httpMethod_class_exeTests/Info.plist;
				LD_RUNPATH_SEARCH_PATHS = (
					"$(inherited)",
					"@executable_path/Frameworks",
					"@loader_path/Frameworks",
				);
				PRODUCT_BUNDLE_IDENTIFIER = "MEMS.httpMethod-class-exeTests";
				PRODUCT_NAME = "$(TARGET_NAME)";
				SWIFT_VERSION = 4.2;
				TARGETED_DEVICE_FAMILY = "1,2";
				TEST_HOST = "$(BUILT_PRODUCTS_DIR)/httpMethod_class_exe.app/httpMethod_class_exe";
			};
			name = Release;
		};
		0444261622D3291500090CD1 /* Debug */ = {
			isa = XCBuildConfiguration;
			baseConfigurationReference = E601095C641BA2DED0422C00 /* Pods-httpMethod_class_exeUITests.debug.xcconfig */;
			buildSettings = {
				ALWAYS_EMBED_SWIFT_STANDARD_LIBRARIES = YES;
				CODE_SIGN_STYLE = Automatic;
				DEVELOPMENT_TEAM = PT346GWSXB;
				INFOPLIST_FILE = httpMethod_class_exeUITests/Info.plist;
				LD_RUNPATH_SEARCH_PATHS = (
					"$(inherited)",
					"@executable_path/Frameworks",
					"@loader_path/Frameworks",
				);
				PRODUCT_BUNDLE_IDENTIFIER = "MEMS.httpMethod-class-exeUITests";
				PRODUCT_NAME = "$(TARGET_NAME)";
				SWIFT_VERSION = 4.2;
				TARGETED_DEVICE_FAMILY = "1,2";
				TEST_TARGET_NAME = httpMethod_class_exe;
			};
			name = Debug;
		};
		0444261722D3291500090CD1 /* Release */ = {
			isa = XCBuildConfiguration;
			baseConfigurationReference = D927BDB9C53D915165F54C39 /* Pods-httpMethod_class_exeUITests.release.xcconfig */;
			buildSettings = {
				ALWAYS_EMBED_SWIFT_STANDARD_LIBRARIES = YES;
				CODE_SIGN_STYLE = Automatic;
				DEVELOPMENT_TEAM = PT346GWSXB;
				INFOPLIST_FILE = httpMethod_class_exeUITests/Info.plist;
				LD_RUNPATH_SEARCH_PATHS = (
					"$(inherited)",
					"@executable_path/Frameworks",
					"@loader_path/Frameworks",
				);
				PRODUCT_BUNDLE_IDENTIFIER = "MEMS.httpMethod-class-exeUITests";
				PRODUCT_NAME = "$(TARGET_NAME)";
				SWIFT_VERSION = 4.2;
				TARGETED_DEVICE_FAMILY = "1,2";
				TEST_TARGET_NAME = httpMethod_class_exe;
			};
			name = Release;
		};
/* End XCBuildConfiguration section */

/* Begin XCConfigurationList section */
		044425E222D3291000090CD1 /* Build configuration list for PBXProject "httpMethod_class_exe" */ = {
			isa = XCConfigurationList;
			buildConfigurations = (
				0444260D22D3291500090CD1 /* Debug */,
				0444260E22D3291500090CD1 /* Release */,
			);
			defaultConfigurationIsVisible = 0;
			defaultConfigurationName = Release;
		};
		0444260F22D3291500090CD1 /* Build configuration list for PBXNativeTarget "httpMethod_class_exe" */ = {
			isa = XCConfigurationList;
			buildConfigurations = (
				0444261022D3291500090CD1 /* Debug */,
				0444261122D3291500090CD1 /* Release */,
			);
			defaultConfigurationIsVisible = 0;
			defaultConfigurationName = Release;
		};
		0444261222D3291500090CD1 /* Build configuration list for PBXNativeTarget "httpMethod_class_exeTests" */ = {
			isa = XCConfigurationList;
			buildConfigurations = (
				0444261322D3291500090CD1 /* Debug */,
				0444261422D3291500090CD1 /* Release */,
			);
			defaultConfigurationIsVisible = 0;
			defaultConfigurationName = Release;
		};
		0444261522D3291500090CD1 /* Build configuration list for PBXNativeTarget "httpMethod_class_exeUITests" */ = {
			isa = XCConfigurationList;
			buildConfigurations = (
				0444261622D3291500090CD1 /* Debug */,
				0444261722D3291500090CD1 /* Release */,
			);
			defaultConfigurationIsVisible = 0;
			defaultConfigurationName = Release;
		};
/* End XCConfigurationList section */
	};
	rootObject = 044425DF22D3291000090CD1 /* Project object */;
}
